// !$*UTF8*$!
{
	archiveVersion = 1;
	classes = {
	};
	objectVersion = 53;
	objects = {

/* Begin PBXBuildFile section */
		F60766212A7389E500FFC9B8 /* natfrp-service.app in Copy Files */ = {isa = PBXBuildFile; fileRef = F60F97B72A72B824007B5D19 /* natfrp-service.app */; settings = {ATTRIBUTES = (RemoveHeadersOnCopy, ); }; };
		F616B831266F72F700596A88 /* LogModel.swift in Sources */ = {isa = PBXBuildFile; fileRef = F616B830266F72F700596A88 /* LogModel.swift */; };
		F63B3A02267AD77700BC000D /* DaemonHost.swift in Sources */ = {isa = PBXBuildFile; fileRef = F63B3A01267AD77700BC000D /* DaemonHost.swift */; };
		F6430F66266A0281007C5DC3 /* TunnelItemView.swift in Sources */ = {isa = PBXBuildFile; fileRef = F6430F65266A0281007C5DC3 /* TunnelItemView.swift */; };
		F64C5A9B2A6FDA9100328DB3 /* GRPC in Frameworks */ = {isa = PBXBuildFile; productRef = F64C5A9A2A6FDA9100328DB3 /* GRPC */; };
		F64C5A9E2A6FDE6C00328DB3 /* grpc_service.grpc.swift in Sources */ = {isa = PBXBuildFile; fileRef = F64C5A9C2A6FDE6C00328DB3 /* grpc_service.grpc.swift */; };
		F64C5A9F2A6FDE6C00328DB3 /* grpc_service.pb.swift in Sources */ = {isa = PBXBuildFile; fileRef = F64C5A9D2A6FDE6C00328DB3 /* grpc_service.pb.swift */; };
		F66A6C9A266650B100FF041B /* SakuraLauncherApp.swift in Sources */ = {isa = PBXBuildFile; fileRef = F66A6C99266650B100FF041B /* SakuraLauncherApp.swift */; };
		F66A6C9C266650B100FF041B /* ContentView.swift in Sources */ = {isa = PBXBuildFile; fileRef = F66A6C9B266650B100FF041B /* ContentView.swift */; };
		F66A6C9E266650B200FF041B /* Assets.xcassets in Resources */ = {isa = PBXBuildFile; fileRef = F66A6C9D266650B200FF041B /* Assets.xcassets */; };
		F66A6CA1266650B200FF041B /* Preview Assets.xcassets in Resources */ = {isa = PBXBuildFile; fileRef = F66A6CA0266650B200FF041B /* Preview Assets.xcassets */; };
		F66A6CAB2666517400FF041B /* LogoView.swift in Sources */ = {isa = PBXBuildFile; fileRef = F66A6CAA2666517400FF041B /* LogoView.swift */; };
		F671F41E26790121003A4F87 /* NodeModel.swift in Sources */ = {isa = PBXBuildFile; fileRef = F671F41D26790121003A4F87 /* NodeModel.swift */; };
		F698709826665C0B0040CF81 /* TabItemView.swift in Sources */ = {isa = PBXBuildFile; fileRef = F698709726665C0B0040CF81 /* TabItemView.swift */; };
		F69B5867267B704E006A3EBD /* RemoteConfigPopup.swift in Sources */ = {isa = PBXBuildFile; fileRef = F69B5866267B704E006A3EBD /* RemoteConfigPopup.swift */; };
		F6A5D442267344B700F20951 /* LauncherModel.swift in Sources */ = {isa = PBXBuildFile; fileRef = F6A5D441267344B700F20951 /* LauncherModel.swift */; };
		F6B47BF8266900540051B308 /* SettingsTab.swift in Sources */ = {isa = PBXBuildFile; fileRef = F6B47BF7266900540051B308 /* SettingsTab.swift */; };
		F6B47BFA2669005C0051B308 /* LogTab.swift in Sources */ = {isa = PBXBuildFile; fileRef = F6B47BF92669005C0051B308 /* LogTab.swift */; };
		F6B5CCAE2679BE8B0014E38A /* Extension.swift in Sources */ = {isa = PBXBuildFile; fileRef = F6B5CCAD2679BE8B0014E38A /* Extension.swift */; };
		F6C4786C266A17B8003E524C /* TunnelModel.swift in Sources */ = {isa = PBXBuildFile; fileRef = F6C4786B266A17B8003E524C /* TunnelModel.swift */; };
		F6C74E5826C7AA8400340149 /* CreateTunnelPopup.swift in Sources */ = {isa = PBXBuildFile; fileRef = F6C74E5726C7AA8400340149 /* CreateTunnelPopup.swift */; };
		F6D03A862670C7250023D7B6 /* AppDelegate.swift in Sources */ = {isa = PBXBuildFile; fileRef = F6D03A852670C7250023D7B6 /* AppDelegate.swift */; };
		F6E0DE1C2668E00700299C58 /* TunnelTab.swift in Sources */ = {isa = PBXBuildFile; fileRef = F6E0DE1B2668E00700299C58 /* TunnelTab.swift */; };
		F6E0DE1E2668E06400299C58 /* AboutTab.swift in Sources */ = {isa = PBXBuildFile; fileRef = F6E0DE1D2668E06400299C58 /* AboutTab.swift */; };
/* End PBXBuildFile section */

/* Begin PBXCopyFilesBuildPhase section */
		F60F97B32A72AFAA007B5D19 /* Copy Files */ = {
			isa = PBXCopyFilesBuildPhase;
			buildActionMask = 2147483647;
			dstPath = "";
			dstSubfolderSpec = 6;
			files = (
				F60F97B92A72B82D007B5D19 /* natfrp-service.app in Copy Files */,
			);
			name = "Copy Files";
			runOnlyForDeploymentPostprocessing = 0;
		};
/* End PBXCopyFilesBuildPhase section */

/* Begin PBXFileReference section */
		F60F97B72A72B824007B5D19 /* natfrp-service.app */ = {isa = PBXFileReference; lastKnownFileType = wrapper.application; name = "natfrp-service.app"; path = "../natfrp-service.app"; sourceTree = "<group>"; };
		F616B830266F72F700596A88 /* LogModel.swift */ = {isa = PBXFileReference; lastKnownFileType = sourcecode.swift; path = LogModel.swift; sourceTree = "<group>"; };
		F63B3A01267AD77700BC000D /* DaemonHost.swift */ = {isa = PBXFileReference; lastKnownFileType = sourcecode.swift; path = DaemonHost.swift; sourceTree = "<group>"; };
		F6430F65266A0281007C5DC3 /* TunnelItemView.swift */ = {isa = PBXFileReference; lastKnownFileType = sourcecode.swift; path = TunnelItemView.swift; sourceTree = "<group>"; };
		F64C5A9C2A6FDE6C00328DB3 /* grpc_service.grpc.swift */ = {isa = PBXFileReference; fileEncoding = 4; lastKnownFileType = sourcecode.swift; path = grpc_service.grpc.swift; sourceTree = "<group>"; };
		F64C5A9D2A6FDE6C00328DB3 /* grpc_service.pb.swift */ = {isa = PBXFileReference; fileEncoding = 4; lastKnownFileType = sourcecode.swift; path = grpc_service.pb.swift; sourceTree = "<group>"; };
		F66A6C96266650B100FF041B /* SakuraLauncher.app */ = {isa = PBXFileReference; explicitFileType = wrapper.application; includeInIndex = 0; path = SakuraLauncher.app; sourceTree = BUILT_PRODUCTS_DIR; };
		F66A6C99266650B100FF041B /* SakuraLauncherApp.swift */ = {isa = PBXFileReference; lastKnownFileType = sourcecode.swift; path = SakuraLauncherApp.swift; sourceTree = "<group>"; };
		F66A6C9B266650B100FF041B /* ContentView.swift */ = {isa = PBXFileReference; lastKnownFileType = sourcecode.swift; path = ContentView.swift; sourceTree = "<group>"; };
		F66A6C9D266650B200FF041B /* Assets.xcassets */ = {isa = PBXFileReference; lastKnownFileType = folder.assetcatalog; path = Assets.xcassets; sourceTree = "<group>"; };
		F66A6CA0266650B200FF041B /* Preview Assets.xcassets */ = {isa = PBXFileReference; lastKnownFileType = folder.assetcatalog; path = "Preview Assets.xcassets"; sourceTree = "<group>"; };
		F66A6CA2266650B200FF041B /* Info.plist */ = {isa = PBXFileReference; lastKnownFileType = text.plist.xml; path = Info.plist; sourceTree = "<group>"; };
		F66A6CA3266650B200FF041B /* SakuraLauncher.entitlements */ = {isa = PBXFileReference; lastKnownFileType = text.plist.entitlements; path = SakuraLauncher.entitlements; sourceTree = "<group>"; };
		F66A6CAA2666517400FF041B /* LogoView.swift */ = {isa = PBXFileReference; lastKnownFileType = sourcecode.swift; path = LogoView.swift; sourceTree = "<group>"; };
		F671F41D26790121003A4F87 /* NodeModel.swift */ = {isa = PBXFileReference; lastKnownFileType = sourcecode.swift; path = NodeModel.swift; sourceTree = "<group>"; };
		F698709726665C0B0040CF81 /* TabItemView.swift */ = {isa = PBXFileReference; lastKnownFileType = sourcecode.swift; path = TabItemView.swift; sourceTree = "<group>"; };
		F69B5866267B704E006A3EBD /* RemoteConfigPopup.swift */ = {isa = PBXFileReference; fileEncoding = 4; lastKnownFileType = sourcecode.swift; path = RemoteConfigPopup.swift; sourceTree = "<group>"; };
		F6A5D441267344B700F20951 /* LauncherModel.swift */ = {isa = PBXFileReference; lastKnownFileType = sourcecode.swift; path = LauncherModel.swift; sourceTree = "<group>"; };
		F6B47BF7266900540051B308 /* SettingsTab.swift */ = {isa = PBXFileReference; lastKnownFileType = sourcecode.swift; path = SettingsTab.swift; sourceTree = "<group>"; };
		F6B47BF92669005C0051B308 /* LogTab.swift */ = {isa = PBXFileReference; lastKnownFileType = sourcecode.swift; path = LogTab.swift; sourceTree = "<group>"; };
		F6B5CCAD2679BE8B0014E38A /* Extension.swift */ = {isa = PBXFileReference; lastKnownFileType = sourcecode.swift; path = Extension.swift; sourceTree = "<group>"; };
		F6C4786B266A17B8003E524C /* TunnelModel.swift */ = {isa = PBXFileReference; lastKnownFileType = sourcecode.swift; path = TunnelModel.swift; sourceTree = "<group>"; };
		F6C74E5726C7AA8400340149 /* CreateTunnelPopup.swift */ = {isa = PBXFileReference; lastKnownFileType = sourcecode.swift; path = CreateTunnelPopup.swift; sourceTree = "<group>"; };
		F6D03A852670C7250023D7B6 /* AppDelegate.swift */ = {isa = PBXFileReference; lastKnownFileType = sourcecode.swift; path = AppDelegate.swift; sourceTree = "<group>"; };
		F6E0DE1B2668E00700299C58 /* TunnelTab.swift */ = {isa = PBXFileReference; lastKnownFileType = sourcecode.swift; path = TunnelTab.swift; sourceTree = "<group>"; };
		F6E0DE1D2668E06400299C58 /* AboutTab.swift */ = {isa = PBXFileReference; lastKnownFileType = sourcecode.swift; path = AboutTab.swift; sourceTree = "<group>"; };
/* End PBXFileReference section */

/* Begin PBXFrameworksBuildPhase section */
		F66A6C93266650B100FF041B /* Frameworks */ = {
			isa = PBXFrameworksBuildPhase;
			buildActionMask = 2147483647;
			files = (
				F64C5A9B2A6FDA9100328DB3 /* GRPC in Frameworks */,
			);
			runOnlyForDeploymentPostprocessing = 0;
		};
/* End PBXFrameworksBuildPhase section */

/* Begin PBXGroup section */
		F62992D626776ABE0056EC1D /* Tabs */ = {
			isa = PBXGroup;
			children = (
				F6E0DE1B2668E00700299C58 /* TunnelTab.swift */,
				F6B47BF92669005C0051B308 /* LogTab.swift */,
				F6B47BF7266900540051B308 /* SettingsTab.swift */,
				F6E0DE1D2668E06400299C58 /* AboutTab.swift */,
			);
			path = Tabs;
			sourceTree = "<group>";
		};
		F66A6C8D266650B100FF041B = {
			isa = PBXGroup;
			children = (
				F66A6C98266650B100FF041B /* SakuraLauncher */,
				F60F97B72A72B824007B5D19 /* natfrp-service.app */,
				F66A6C97266650B100FF041B /* Products */,
			);
			sourceTree = "<group>";
		};
		F66A6C97266650B100FF041B /* Products */ = {
			isa = PBXGroup;
			children = (
				F66A6C96266650B100FF041B /* SakuraLauncher.app */,
			);
			name = Products;
			sourceTree = "<group>";
		};
		F66A6C98266650B100FF041B /* SakuraLauncher */ = {
			isa = PBXGroup;
			children = (
				F6CDC4442678523900F9872D /* Proto */,
				F6C47867266A1529003E524C /* Helper */,
				F6C4786A266A17AE003E524C /* Model */,
				F62992D626776ABE0056EC1D /* Tabs */,
				F66A6CA92666515A00FF041B /* View */,
				F66A6CA2266650B200FF041B /* Info.plist */,
				F66A6C9D266650B200FF041B /* Assets.xcassets */,
				F66A6CA3266650B200FF041B /* SakuraLauncher.entitlements */,
				F6D03A852670C7250023D7B6 /* AppDelegate.swift */,
				F66A6C9B266650B100FF041B /* ContentView.swift */,
				F66A6C99266650B100FF041B /* SakuraLauncherApp.swift */,
				F66A6C9F266650B200FF041B /* Preview Content */,
			);
			path = SakuraLauncher;
			sourceTree = "<group>";
		};
		F66A6C9F266650B200FF041B /* Preview Content */ = {
			isa = PBXGroup;
			children = (
				F66A6CA0266650B200FF041B /* Preview Assets.xcassets */,
			);
			path = "Preview Content";
			sourceTree = "<group>";
		};
		F66A6CA92666515A00FF041B /* View */ = {
			isa = PBXGroup;
			children = (
				F66A6CAA2666517400FF041B /* LogoView.swift */,
				F698709726665C0B0040CF81 /* TabItemView.swift */,
				F6430F65266A0281007C5DC3 /* TunnelItemView.swift */,
				F6C74E5726C7AA8400340149 /* CreateTunnelPopup.swift */,
				F69B5866267B704E006A3EBD /* RemoteConfigPopup.swift */,
			);
			path = View;
			sourceTree = "<group>";
		};
		F6C47867266A1529003E524C /* Helper */ = {
			isa = PBXGroup;
			children = (
				F6B5CCAD2679BE8B0014E38A /* Extension.swift */,
				F63B3A01267AD77700BC000D /* DaemonHost.swift */,
			);
			path = Helper;
			sourceTree = "<group>";
		};
		F6C4786A266A17AE003E524C /* Model */ = {
			isa = PBXGroup;
			children = (
				F616B830266F72F700596A88 /* LogModel.swift */,
				F671F41D26790121003A4F87 /* NodeModel.swift */,
				F6C4786B266A17B8003E524C /* TunnelModel.swift */,
				F6A5D441267344B700F20951 /* LauncherModel.swift */,
			);
			path = Model;
			sourceTree = "<group>";
		};
		F6CDC4442678523900F9872D /* Proto */ = {
			isa = PBXGroup;
			children = (
				F64C5A9C2A6FDE6C00328DB3 /* grpc_service.grpc.swift */,
				F64C5A9D2A6FDE6C00328DB3 /* grpc_service.pb.swift */,
			);
			path = Proto;
			sourceTree = "<group>";
		};
/* End PBXGroup section */

/* Begin PBXNativeTarget section */
		F66A6C95266650B100FF041B /* SakuraLauncher */ = {
			isa = PBXNativeTarget;
			buildConfigurationList = F66A6CA6266650B200FF041B /* Build configuration list for PBXNativeTarget "SakuraLauncher" */;
			buildPhases = (
				F66A6C92266650B100FF041B /* Sources */,
				F66A6C93266650B100FF041B /* Frameworks */,
				F66A6C94266650B100FF041B /* Resources */,
				F60F97B32A72AFAA007B5D19 /* Copy Files */,
			);
			buildRules = (
			);
			dependencies = (
			);
			name = SakuraLauncher;
			packageProductDependencies = (
				F64C5A9A2A6FDA9100328DB3 /* GRPC */,
			);
			productName = SakuraLauncher;
			productReference = F66A6C96266650B100FF041B /* SakuraLauncher.app */;
			productType = "com.apple.product-type.application";
		};
/* End PBXNativeTarget section */

/* Begin PBXProject section */
		F66A6C8E266650B100FF041B /* Project object */ = {
			isa = PBXProject;
			attributes = {
				BuildIndependentTargetsInParallel = YES;
				LastSwiftUpdateCheck = 1310;
				LastUpgradeCheck = 1430;
				TargetAttributes = {
					F66A6C95266650B100FF041B = {
						CreatedOnToolsVersion = 12.5;
					};
				};
			};
			buildConfigurationList = F66A6C91266650B100FF041B /* Build configuration list for PBXProject "SakuraLauncher" */;
			compatibilityVersion = "Xcode 9.3";
			developmentRegion = en;
			hasScannedForEncodings = 0;
			knownRegions = (
				en,
				Base,
			);
			mainGroup = F66A6C8D266650B100FF041B;
			packageReferences = (
				F64C5A992A6FDA9100328DB3 /* XCRemoteSwiftPackageReference "grpc-swift" */,
			);
			productRefGroup = F66A6C97266650B100FF041B /* Products */;
			projectDirPath = "";
			projectRoot = "";
			targets = (
				F66A6C95266650B100FF041B /* SakuraLauncher */,
			);
		};
/* End PBXProject section */

/* Begin PBXResourcesBuildPhase section */
		F66A6C94266650B100FF041B /* Resources */ = {
			isa = PBXResourcesBuildPhase;
			buildActionMask = 2147483647;
			files = (
				F66A6CA1266650B200FF041B /* Preview Assets.xcassets in Resources */,
				F66A6C9E266650B200FF041B /* Assets.xcassets in Resources */,
				F60F97B82A72B824007B5D19 /* natfrp-service.app in Resources */,
			);
			runOnlyForDeploymentPostprocessing = 0;
		};
/* End PBXResourcesBuildPhase section */

/* Begin PBXSourcesBuildPhase section */
		F66A6C92266650B100FF041B /* Sources */ = {
			isa = PBXSourcesBuildPhase;
			buildActionMask = 2147483647;
			files = (
				F6B47BFA2669005C0051B308 /* LogTab.swift in Sources */,
				F66A6C9C266650B100FF041B /* ContentView.swift in Sources */,
				F69B5867267B704E006A3EBD /* RemoteConfigPopup.swift in Sources */,
				F6430F66266A0281007C5DC3 /* TunnelItemView.swift in Sources */,
				F6C4786C266A17B8003E524C /* TunnelModel.swift in Sources */,
				F6E0DE1E2668E06400299C58 /* AboutTab.swift in Sources */,
				F698709826665C0B0040CF81 /* TabItemView.swift in Sources */,
				F6A5D442267344B700F20951 /* LauncherModel.swift in Sources */,
				F66A6CAB2666517400FF041B /* LogoView.swift in Sources */,
				F6D03A862670C7250023D7B6 /* AppDelegate.swift in Sources */,
				F66A6C9A266650B100FF041B /* SakuraLauncherApp.swift in Sources */,
				F6E0DE1C2668E00700299C58 /* TunnelTab.swift in Sources */,
				F6B47BF8266900540051B308 /* SettingsTab.swift in Sources */,
				F6C74E5826C7AA8400340149 /* CreateTunnelPopup.swift in Sources */,
				F64C5A9F2A6FDE6C00328DB3 /* grpc_service.pb.swift in Sources */,
				F63B3A02267AD77700BC000D /* DaemonHost.swift in Sources */,
				F6B5CCAE2679BE8B0014E38A /* Extension.swift in Sources */,
				F671F41E26790121003A4F87 /* NodeModel.swift in Sources */,
				F64C5A9E2A6FDE6C00328DB3 /* grpc_service.grpc.swift in Sources */,
				F616B831266F72F700596A88 /* LogModel.swift in Sources */,
			);
			runOnlyForDeploymentPostprocessing = 0;
		};
/* End PBXSourcesBuildPhase section */

/* Begin XCBuildConfiguration section */
		F66A6CA4266650B200FF041B /* Debug */ = {
			isa = XCBuildConfiguration;
			buildSettings = {
				ALWAYS_SEARCH_USER_PATHS = NO;
				CLANG_ANALYZER_NONNULL = YES;
				CLANG_ANALYZER_NUMBER_OBJECT_CONVERSION = YES_AGGRESSIVE;
				CLANG_CXX_LANGUAGE_STANDARD = "gnu++14";
				CLANG_CXX_LIBRARY = "libc++";
				CLANG_ENABLE_MODULES = YES;
				CLANG_ENABLE_OBJC_ARC = YES;
				CLANG_ENABLE_OBJC_WEAK = YES;
				CLANG_WARN_BLOCK_CAPTURE_AUTORELEASING = YES;
				CLANG_WARN_BOOL_CONVERSION = YES;
				CLANG_WARN_COMMA = YES;
				CLANG_WARN_CONSTANT_CONVERSION = YES;
				CLANG_WARN_DEPRECATED_OBJC_IMPLEMENTATIONS = YES;
				CLANG_WARN_DIRECT_OBJC_ISA_USAGE = YES_ERROR;
				CLANG_WARN_DOCUMENTATION_COMMENTS = YES;
				CLANG_WARN_EMPTY_BODY = YES;
				CLANG_WARN_ENUM_CONVERSION = YES;
				CLANG_WARN_INFINITE_RECURSION = YES;
				CLANG_WARN_INT_CONVERSION = YES;
				CLANG_WARN_NON_LITERAL_NULL_CONVERSION = YES;
				CLANG_WARN_OBJC_IMPLICIT_RETAIN_SELF = YES;
				CLANG_WARN_OBJC_LITERAL_CONVERSION = YES;
				CLANG_WARN_OBJC_ROOT_CLASS = YES_ERROR;
				CLANG_WARN_QUOTED_INCLUDE_IN_FRAMEWORK_HEADER = YES;
				CLANG_WARN_RANGE_LOOP_ANALYSIS = YES;
				CLANG_WARN_STRICT_PROTOTYPES = YES;
				CLANG_WARN_SUSPICIOUS_MOVE = YES;
				CLANG_WARN_UNGUARDED_AVAILABILITY = YES_AGGRESSIVE;
				CLANG_WARN_UNREACHABLE_CODE = YES;
				CLANG_WARN__DUPLICATE_METHOD_MATCH = YES;
				COPY_PHASE_STRIP = NO;
				DEAD_CODE_STRIPPING = YES;
				DEBUG_INFORMATION_FORMAT = dwarf;
				ENABLE_STRICT_OBJC_MSGSEND = YES;
				ENABLE_TESTABILITY = YES;
				GCC_C_LANGUAGE_STANDARD = gnu11;
				GCC_DYNAMIC_NO_PIC = NO;
				GCC_NO_COMMON_BLOCKS = YES;
				GCC_OPTIMIZATION_LEVEL = 0;
				GCC_PREPROCESSOR_DEFINITIONS = (
					"DEBUG=1",
					"$(inherited)",
				);
				GCC_WARN_64_TO_32_BIT_CONVERSION = YES;
				GCC_WARN_ABOUT_RETURN_TYPE = YES_ERROR;
				GCC_WARN_UNDECLARED_SELECTOR = YES;
				GCC_WARN_UNINITIALIZED_AUTOS = YES_AGGRESSIVE;
				GCC_WARN_UNUSED_FUNCTION = YES;
				GCC_WARN_UNUSED_VARIABLE = YES;
				MACOSX_DEPLOYMENT_TARGET = "$(RECOMMENDED_MACOSX_DEPLOYMENT_TARGET)";
				MTL_ENABLE_DEBUG_INFO = INCLUDE_SOURCE;
				MTL_FAST_MATH = YES;
				ONLY_ACTIVE_ARCH = YES;
				SDKROOT = macosx;
				SWIFT_ACTIVE_COMPILATION_CONDITIONS = DEBUG;
				SWIFT_OPTIMIZATION_LEVEL = "-Onone";
			};
			name = Debug;
		};
		F66A6CA5266650B200FF041B /* Release */ = {
			isa = XCBuildConfiguration;
			buildSettings = {
				ALWAYS_SEARCH_USER_PATHS = NO;
				CLANG_ANALYZER_NONNULL = YES;
				CLANG_ANALYZER_NUMBER_OBJECT_CONVERSION = YES_AGGRESSIVE;
				CLANG_CXX_LANGUAGE_STANDARD = "gnu++14";
				CLANG_CXX_LIBRARY = "libc++";
				CLANG_ENABLE_MODULES = YES;
				CLANG_ENABLE_OBJC_ARC = YES;
				CLANG_ENABLE_OBJC_WEAK = YES;
				CLANG_WARN_BLOCK_CAPTURE_AUTORELEASING = YES;
				CLANG_WARN_BOOL_CONVERSION = YES;
				CLANG_WARN_COMMA = YES;
				CLANG_WARN_CONSTANT_CONVERSION = YES;
				CLANG_WARN_DEPRECATED_OBJC_IMPLEMENTATIONS = YES;
				CLANG_WARN_DIRECT_OBJC_ISA_USAGE = YES_ERROR;
				CLANG_WARN_DOCUMENTATION_COMMENTS = YES;
				CLANG_WARN_EMPTY_BODY = YES;
				CLANG_WARN_ENUM_CONVERSION = YES;
				CLANG_WARN_INFINITE_RECURSION = YES;
				CLANG_WARN_INT_CONVERSION = YES;
				CLANG_WARN_NON_LITERAL_NULL_CONVERSION = YES;
				CLANG_WARN_OBJC_IMPLICIT_RETAIN_SELF = YES;
				CLANG_WARN_OBJC_LITERAL_CONVERSION = YES;
				CLANG_WARN_OBJC_ROOT_CLASS = YES_ERROR;
				CLANG_WARN_QUOTED_INCLUDE_IN_FRAMEWORK_HEADER = YES;
				CLANG_WARN_RANGE_LOOP_ANALYSIS = YES;
				CLANG_WARN_STRICT_PROTOTYPES = YES;
				CLANG_WARN_SUSPICIOUS_MOVE = YES;
				CLANG_WARN_UNGUARDED_AVAILABILITY = YES_AGGRESSIVE;
				CLANG_WARN_UNREACHABLE_CODE = YES;
				CLANG_WARN__DUPLICATE_METHOD_MATCH = YES;
				COPY_PHASE_STRIP = NO;
				DEAD_CODE_STRIPPING = YES;
				DEBUG_INFORMATION_FORMAT = "dwarf-with-dsym";
				ENABLE_NS_ASSERTIONS = NO;
				ENABLE_STRICT_OBJC_MSGSEND = YES;
				GCC_C_LANGUAGE_STANDARD = gnu11;
				GCC_NO_COMMON_BLOCKS = YES;
				GCC_WARN_64_TO_32_BIT_CONVERSION = YES;
				GCC_WARN_ABOUT_RETURN_TYPE = YES_ERROR;
				GCC_WARN_UNDECLARED_SELECTOR = YES;
				GCC_WARN_UNINITIALIZED_AUTOS = YES_AGGRESSIVE;
				GCC_WARN_UNUSED_FUNCTION = YES;
				GCC_WARN_UNUSED_VARIABLE = YES;
				MACOSX_DEPLOYMENT_TARGET = "$(RECOMMENDED_MACOSX_DEPLOYMENT_TARGET)";
				MTL_ENABLE_DEBUG_INFO = NO;
				MTL_FAST_MATH = YES;
				SDKROOT = macosx;
				SWIFT_COMPILATION_MODE = wholemodule;
				SWIFT_OPTIMIZATION_LEVEL = "-O";
			};
			name = Release;
		};
		F66A6CA7266650B200FF041B /* Debug */ = {
			isa = XCBuildConfiguration;
			buildSettings = {
				ASSETCATALOG_COMPILER_APPICON_NAME = AppIcon;
				ASSETCATALOG_COMPILER_GLOBAL_ACCENT_COLOR_NAME = AccentColor;
				CODE_SIGN_ENTITLEMENTS = SakuraLauncher/SakuraLauncher.entitlements;
				"CODE_SIGN_IDENTITY[sdk=macosx*]" = "Apple Development";
				CODE_SIGN_STYLE = Automatic;
				COMBINE_HIDPI_IMAGES = YES;
				DEAD_CODE_STRIPPING = YES;
				DEVELOPMENT_ASSET_PATHS = "\"SakuraLauncher/Preview Content\"";
				DEVELOPMENT_TEAM = C78T4CMK47;
				ENABLE_HARDENED_RUNTIME = YES;
				ENABLE_PREVIEWS = YES;
				INFOPLIST_FILE = SakuraLauncher/Info.plist;
				LD_RUNPATH_SEARCH_PATHS = (
					"$(inherited)",
					"@executable_path/../Frameworks",
				);
				MACOSX_DEPLOYMENT_TARGET = 12.0;
				PRODUCT_BUNDLE_IDENTIFIER = com.natfrp.launcher.ui;
				PRODUCT_NAME = "$(TARGET_NAME)";
				SWIFT_VERSION = 5.0;
			};
			name = Debug;
		};
		F66A6CA8266650B200FF041B /* Release */ = {
			isa = XCBuildConfiguration;
			buildSettings = {
				ASSETCATALOG_COMPILER_APPICON_NAME = AppIcon;
				ASSETCATALOG_COMPILER_GLOBAL_ACCENT_COLOR_NAME = AccentColor;
				CODE_SIGN_ENTITLEMENTS = SakuraLauncher/SakuraLauncher.entitlements;
				"CODE_SIGN_IDENTITY[sdk=macosx*]" = "Apple Development";
				CODE_SIGN_STYLE = Automatic;
				COMBINE_HIDPI_IMAGES = YES;
				DEAD_CODE_STRIPPING = YES;
				DEVELOPMENT_ASSET_PATHS = "\"SakuraLauncher/Preview Content\"";
				DEVELOPMENT_TEAM = C78T4CMK47;
				ENABLE_HARDENED_RUNTIME = YES;
				ENABLE_PREVIEWS = YES;
				INFOPLIST_FILE = SakuraLauncher/Info.plist;
				LD_RUNPATH_SEARCH_PATHS = (
					"$(inherited)",
					"@executable_path/../Frameworks",
				);
				MACOSX_DEPLOYMENT_TARGET = 12.0;
				PRODUCT_BUNDLE_IDENTIFIER = com.natfrp.launcher.ui;
				PRODUCT_NAME = "$(TARGET_NAME)";
				SWIFT_VERSION = 5.0;
			};
			name = Release;
		};
/* End XCBuildConfiguration section */

/* Begin XCConfigurationList section */
		F66A6C91266650B100FF041B /* Build configuration list for PBXProject "SakuraLauncher" */ = {
			isa = XCConfigurationList;
			buildConfigurations = (
				F66A6CA4266650B200FF041B /* Debug */,
				F66A6CA5266650B200FF041B /* Release */,
			);
			defaultConfigurationIsVisible = 0;
			defaultConfigurationName = Release;
		};
		F66A6CA6266650B200FF041B /* Build configuration list for PBXNativeTarget "SakuraLauncher" */ = {
			isa = XCConfigurationList;
			buildConfigurations = (
				F66A6CA7266650B200FF041B /* Debug */,
				F66A6CA8266650B200FF041B /* Release */,
			);
			defaultConfigurationIsVisible = 0;
			defaultConfigurationName = Release;
		};
/* End XCConfigurationList section */

/* Begin XCRemoteSwiftPackageReference section */
		F64C5A992A6FDA9100328DB3 /* XCRemoteSwiftPackageReference "grpc-swift" */ = {
			isa = XCRemoteSwiftPackageReference;
			repositoryURL = "https://github.com/grpc/grpc-swift.git";
			requirement = {
				kind = upToNextMajorVersion;
				minimumVersion = 1.18.0;
			};
		};
/* End XCRemoteSwiftPackageReference section */

/* Begin XCSwiftPackageProductDependency section */
		F64C5A9A2A6FDA9100328DB3 /* GRPC */ = {
			isa = XCSwiftPackageProductDependency;
			package = F64C5A992A6FDA9100328DB3 /* XCRemoteSwiftPackageReference "grpc-swift" */;
			productName = GRPC;
		};
/* End XCSwiftPackageProductDependency section */
	};
	rootObject = F66A6C8E266650B100FF041B /* Project object */;
}
