// !$*UTF8*$!
{
	archiveVersion = 1;
	classes = {
	};
	objectVersion = 53;
	objects = {

/* Begin PBXBuildFile section */
		F61018572A73B7FD0040609A /* natfrp-service.app in Copy natfrp-service */ = {isa = PBXBuildFile; fileRef = F61018422A73AD600040609A /* natfrp-service.app */; settings = {ATTRIBUTES = (RemoveHeadersOnCopy, ); }; };
		F616B831266F72F700596A88 /* LogModel.swift in Sources */ = {isa = PBXBuildFile; fileRef = F616B830266F72F700596A88 /* LogModel.swift */; };
		F6337AB12A73905300100469 /* main.swift in Sources */ = {isa = PBXBuildFile; fileRef = F6337AB02A73905200100469 /* main.swift */; };
		F63B3A02267AD77700BC000D /* DaemonHost.swift in Sources */ = {isa = PBXBuildFile; fileRef = F63B3A01267AD77700BC000D /* DaemonHost.swift */; };
		F6430F66266A0281007C5DC3 /* TunnelItemView.swift in Sources */ = {isa = PBXBuildFile; fileRef = F6430F65266A0281007C5DC3 /* TunnelItemView.swift */; };
		F64C5A9B2A6FDA9100328DB3 /* GRPC in Frameworks */ = {isa = PBXBuildFile; productRef = F64C5A9A2A6FDA9100328DB3 /* GRPC */; };
		F64C5A9E2A6FDE6C00328DB3 /* grpc_service.grpc.swift in Sources */ = {isa = PBXBuildFile; fileRef = F64C5A9C2A6FDE6C00328DB3 /* grpc_service.grpc.swift */; };
		F64C5A9F2A6FDE6C00328DB3 /* grpc_service.pb.swift in Sources */ = {isa = PBXBuildFile; fileRef = F64C5A9D2A6FDE6C00328DB3 /* grpc_service.pb.swift */; };
		F66A6C9A266650B100FF041B /* SakuraLauncherApp.swift in Sources */ = {isa = PBXBuildFile; fileRef = F66A6C99266650B100FF041B /* SakuraLauncherApp.swift */; };
		F66A6C9C266650B100FF041B /* ContentView.swift in Sources */ = {isa = PBXBuildFile; fileRef = F66A6C9B266650B100FF041B /* ContentView.swift */; };
		F66A6C9E266650B200FF041B /* Assets.xcassets in Resources */ = {isa = PBXBuildFile; fileRef = F66A6C9D266650B200FF041B /* Assets.xcassets */; };
		F66A6CA1266650B200FF041B /* Preview Assets.xcassets in Resources */ = {isa = PBXBuildFile; fileRef = F66A6CA0266650B200FF041B /* Preview Assets.xcassets */; };
		F66A6CAB2666517400FF041B /* LogoView.swift in Sources */ = {isa = PBXBuildFile; fileRef = F66A6CAA2666517400FF041B /* LogoView.swift */; };
		F671F41E26790121003A4F87 /* NodeModel.swift in Sources */ = {isa = PBXBuildFile; fileRef = F671F41D26790121003A4F87 /* NodeModel.swift */; };
		F67C757C2A73749900FF3E61 /* Kingfisher in Frameworks */ = {isa = PBXBuildFile; productRef = F67C757B2A73749900FF3E61 /* Kingfisher */; };
		F67C757F2A737B2600FF3E61 /* ServiceManagement.framework in Frameworks */ = {isa = PBXBuildFile; fileRef = F67C757E2A737B2600FF3E61 /* ServiceManagement.framework */; };
		F67C759A2A737F7F00FF3E61 /* BootAgentDelegate.swift in Sources */ = {isa = PBXBuildFile; fileRef = F67C75992A737F7F00FF3E61 /* BootAgentDelegate.swift */; };
		F698709826665C0B0040CF81 /* TabItemView.swift in Sources */ = {isa = PBXBuildFile; fileRef = F698709726665C0B0040CF81 /* TabItemView.swift */; };
		F69B5867267B704E006A3EBD /* RemoteConfigPopup.swift in Sources */ = {isa = PBXBuildFile; fileRef = F69B5866267B704E006A3EBD /* RemoteConfigPopup.swift */; };
		F6A3EA572A738233006A9B6E /* BootAgent.app in Copy BootAgent */ = {isa = PBXBuildFile; fileRef = F67C75972A737F7F00FF3E61 /* BootAgent.app */; settings = {ATTRIBUTES = (RemoveHeadersOnCopy, ); }; };
		F6A5D442267344B700F20951 /* LauncherModel.swift in Sources */ = {isa = PBXBuildFile; fileRef = F6A5D441267344B700F20951 /* LauncherModel.swift */; };
		F6B47BF8266900540051B308 /* SettingsTab.swift in Sources */ = {isa = PBXBuildFile; fileRef = F6B47BF7266900540051B308 /* SettingsTab.swift */; };
		F6B47BFA2669005C0051B308 /* LogTab.swift in Sources */ = {isa = PBXBuildFile; fileRef = F6B47BF92669005C0051B308 /* LogTab.swift */; };
		F6B5CCAE2679BE8B0014E38A /* Extension.swift in Sources */ = {isa = PBXBuildFile; fileRef = F6B5CCAD2679BE8B0014E38A /* Extension.swift */; };
		F6C4786C266A17B8003E524C /* TunnelModel.swift in Sources */ = {isa = PBXBuildFile; fileRef = F6C4786B266A17B8003E524C /* TunnelModel.swift */; };
		F6C74E5826C7AA8400340149 /* CreateTunnelPopup.swift in Sources */ = {isa = PBXBuildFile; fileRef = F6C74E5726C7AA8400340149 /* CreateTunnelPopup.swift */; };
		F6D03A862670C7250023D7B6 /* AppDelegate.swift in Sources */ = {isa = PBXBuildFile; fileRef = F6D03A852670C7250023D7B6 /* AppDelegate.swift */; };
		F6E0DE1C2668E00700299C58 /* TunnelTab.swift in Sources */ = {isa = PBXBuildFile; fileRef = F6E0DE1B2668E00700299C58 /* TunnelTab.swift */; };
		F6E0DE1E2668E06400299C58 /* AboutTab.swift in Sources */ = {isa = PBXBuildFile; fileRef = F6E0DE1D2668E06400299C58 /* AboutTab.swift */; };
/* End PBXBuildFile section */

/* Begin PBXCopyFilesBuildPhase section */
		F60F97B32A72AFAA007B5D19 /* Copy natfrp-service */ = {
			isa = PBXCopyFilesBuildPhase;
			buildActionMask = 2147483647;
			dstPath = "";
			dstSubfolderSpec = 6;
			files = (
				F61018572A73B7FD0040609A /* natfrp-service.app in Copy natfrp-service */,
			);
			name = "Copy natfrp-service";
			runOnlyForDeploymentPostprocessing = 0;
		};
		F6A3EA562A738219006A9B6E /* Copy BootAgent */ = {
			isa = PBXCopyFilesBuildPhase;
			buildActionMask = 2147483647;
			dstPath = Contents/Library/LoginItems;
			dstSubfolderSpec = 1;
			files = (
				F6A3EA572A738233006A9B6E /* BootAgent.app in Copy BootAgent */,
			);
			name = "Copy BootAgent";
			runOnlyForDeploymentPostprocessing = 0;
		};
/* End PBXCopyFilesBuildPhase section */

/* Begin PBXFileReference section */
		F61018422A73AD600040609A /* natfrp-service.app */ = {isa = PBXFileReference; explicitFileType = wrapper.application; includeInIndex = 0; path = "natfrp-service.app"; sourceTree = BUILT_PRODUCTS_DIR; };
		F616B830266F72F700596A88 /* LogModel.swift */ = {isa = PBXFileReference; lastKnownFileType = sourcecode.swift; path = LogModel.swift; sourceTree = "<group>"; };
		F6337AB02A73905200100469 /* main.swift */ = {isa = PBXFileReference; lastKnownFileType = sourcecode.swift; path = main.swift; sourceTree = "<group>"; };
		F63B3A01267AD77700BC000D /* DaemonHost.swift */ = {isa = PBXFileReference; lastKnownFileType = sourcecode.swift; path = DaemonHost.swift; sourceTree = "<group>"; };
		F6430F65266A0281007C5DC3 /* TunnelItemView.swift */ = {isa = PBXFileReference; lastKnownFileType = sourcecode.swift; path = TunnelItemView.swift; sourceTree = "<group>"; };
		F64C5A9C2A6FDE6C00328DB3 /* grpc_service.grpc.swift */ = {isa = PBXFileReference; fileEncoding = 4; lastKnownFileType = sourcecode.swift; path = grpc_service.grpc.swift; sourceTree = "<group>"; };
		F64C5A9D2A6FDE6C00328DB3 /* grpc_service.pb.swift */ = {isa = PBXFileReference; fileEncoding = 4; lastKnownFileType = sourcecode.swift; path = grpc_service.pb.swift; sourceTree = "<group>"; };
		F66A6C96266650B100FF041B /* SakuraLauncher.app */ = {isa = PBXFileReference; explicitFileType = wrapper.application; includeInIndex = 0; path = SakuraLauncher.app; sourceTree = BUILT_PRODUCTS_DIR; };
		F66A6C99266650B100FF041B /* SakuraLauncherApp.swift */ = {isa = PBXFileReference; lastKnownFileType = sourcecode.swift; path = SakuraLauncherApp.swift; sourceTree = "<group>"; };
		F66A6C9B266650B100FF041B /* ContentView.swift */ = {isa = PBXFileReference; lastKnownFileType = sourcecode.swift; path = ContentView.swift; sourceTree = "<group>"; };
		F66A6C9D266650B200FF041B /* Assets.xcassets */ = {isa = PBXFileReference; lastKnownFileType = folder.assetcatalog; path = Assets.xcassets; sourceTree = "<group>"; };
		F66A6CA0266650B200FF041B /* Preview Assets.xcassets */ = {isa = PBXFileReference; lastKnownFileType = folder.assetcatalog; path = "Preview Assets.xcassets"; sourceTree = "<group>"; };
		F66A6CA2266650B200FF041B /* Info.plist */ = {isa = PBXFileReference; lastKnownFileType = text.plist.xml; path = Info.plist; sourceTree = "<group>"; };
		F66A6CA3266650B200FF041B /* SakuraLauncher.entitlements */ = {isa = PBXFileReference; lastKnownFileType = text.plist.entitlements; path = SakuraLauncher.entitlements; sourceTree = "<group>"; };
		F66A6CAA2666517400FF041B /* LogoView.swift */ = {isa = PBXFileReference; lastKnownFileType = sourcecode.swift; path = LogoView.swift; sourceTree = "<group>"; };
		F671F41D26790121003A4F87 /* NodeModel.swift */ = {isa = PBXFileReference; lastKnownFileType = sourcecode.swift; path = NodeModel.swift; sourceTree = "<group>"; };
		F67C757E2A737B2600FF3E61 /* ServiceManagement.framework */ = {isa = PBXFileReference; lastKnownFileType = wrapper.framework; name = ServiceManagement.framework; path = System/Library/Frameworks/ServiceManagement.framework; sourceTree = SDKROOT; };
		F67C75972A737F7F00FF3E61 /* BootAgent.app */ = {isa = PBXFileReference; explicitFileType = wrapper.application; includeInIndex = 0; path = BootAgent.app; sourceTree = BUILT_PRODUCTS_DIR; };
		F67C75992A737F7F00FF3E61 /* BootAgentDelegate.swift */ = {isa = PBXFileReference; lastKnownFileType = sourcecode.swift; path = BootAgentDelegate.swift; sourceTree = "<group>"; };
		F698709726665C0B0040CF81 /* TabItemView.swift */ = {isa = PBXFileReference; lastKnownFileType = sourcecode.swift; path = TabItemView.swift; sourceTree = "<group>"; };
		F69B5866267B704E006A3EBD /* RemoteConfigPopup.swift */ = {isa = PBXFileReference; fileEncoding = 4; lastKnownFileType = sourcecode.swift; path = RemoteConfigPopup.swift; sourceTree = "<group>"; };
		F6A5D441267344B700F20951 /* LauncherModel.swift */ = {isa = PBXFileReference; lastKnownFileType = sourcecode.swift; path = LauncherModel.swift; sourceTree = "<group>"; };
		F6AA57842A738377006EAFDC /* BootAgent.entitlements */ = {isa = PBXFileReference; fileEncoding = 4; lastKnownFileType = text.plist.entitlements; path = BootAgent.entitlements; sourceTree = "<group>"; };
		F6B47BF7266900540051B308 /* SettingsTab.swift */ = {isa = PBXFileReference; lastKnownFileType = sourcecode.swift; path = SettingsTab.swift; sourceTree = "<group>"; };
		F6B47BF92669005C0051B308 /* LogTab.swift */ = {isa = PBXFileReference; lastKnownFileType = sourcecode.swift; path = LogTab.swift; sourceTree = "<group>"; };
		F6B5CCAD2679BE8B0014E38A /* Extension.swift */ = {isa = PBXFileReference; lastKnownFileType = sourcecode.swift; path = Extension.swift; sourceTree = "<group>"; };
		F6C4786B266A17B8003E524C /* TunnelModel.swift */ = {isa = PBXFileReference; lastKnownFileType = sourcecode.swift; path = TunnelModel.swift; sourceTree = "<group>"; };
		F6C74E5726C7AA8400340149 /* CreateTunnelPopup.swift */ = {isa = PBXFileReference; lastKnownFileType = sourcecode.swift; path = CreateTunnelPopup.swift; sourceTree = "<group>"; };
		F6D03A852670C7250023D7B6 /* AppDelegate.swift */ = {isa = PBXFileReference; lastKnownFileType = sourcecode.swift; path = AppDelegate.swift; sourceTree = "<group>"; };
		F6DD3D122A73A44D00314139 /* natfrp-service.entitlements */ = {isa = PBXFileReference; fileEncoding = 4; lastKnownFileType = text.plist.entitlements; path = "natfrp-service.entitlements"; sourceTree = "<group>"; };
		F6DD3D132A73A44D00314139 /* frpc.entitlements */ = {isa = PBXFileReference; fileEncoding = 4; lastKnownFileType = text.plist.entitlements; path = frpc.entitlements; sourceTree = "<group>"; };
		F6DD3D142A73A50B00314139 /* Info.plist */ = {isa = PBXFileReference; fileEncoding = 4; lastKnownFileType = text.plist.xml; path = Info.plist; sourceTree = "<group>"; };
		F6E0DE1B2668E00700299C58 /* TunnelTab.swift */ = {isa = PBXFileReference; lastKnownFileType = sourcecode.swift; path = TunnelTab.swift; sourceTree = "<group>"; };
		F6E0DE1D2668E06400299C58 /* AboutTab.swift */ = {isa = PBXFileReference; lastKnownFileType = sourcecode.swift; path = AboutTab.swift; sourceTree = "<group>"; };
/* End PBXFileReference section */

/* Begin PBXFrameworksBuildPhase section */
		F66A6C93266650B100FF041B /* Frameworks */ = {
			isa = PBXFrameworksBuildPhase;
			buildActionMask = 2147483647;
			files = (
				F67C757F2A737B2600FF3E61 /* ServiceManagement.framework in Frameworks */,
				F67C757C2A73749900FF3E61 /* Kingfisher in Frameworks */,
				F64C5A9B2A6FDA9100328DB3 /* GRPC in Frameworks */,
			);
			runOnlyForDeploymentPostprocessing = 0;
		};
		F67C75942A737F7F00FF3E61 /* Frameworks */ = {
			isa = PBXFrameworksBuildPhase;
			buildActionMask = 2147483647;
			files = (
			);
			runOnlyForDeploymentPostprocessing = 0;
		};
/* End PBXFrameworksBuildPhase section */

/* Begin PBXGroup section */
		F61018432A73AD600040609A /* natfrp-service */ = {
			isa = PBXGroup;
			children = (
				F6DD3D142A73A50B00314139 /* Info.plist */,
				F6DD3D122A73A44D00314139 /* natfrp-service.entitlements */,
				F6DD3D132A73A44D00314139 /* frpc.entitlements */,
			);
			path = "natfrp-service";
			sourceTree = "<group>";
		};
		F62992D626776ABE0056EC1D /* Tabs */ = {
			isa = PBXGroup;
			children = (
				F6E0DE1B2668E00700299C58 /* TunnelTab.swift */,
				F6B47BF92669005C0051B308 /* LogTab.swift */,
				F6B47BF7266900540051B308 /* SettingsTab.swift */,
				F6E0DE1D2668E06400299C58 /* AboutTab.swift */,
			);
			path = Tabs;
			sourceTree = "<group>";
		};
		F66A6C8D266650B100FF041B = {
			isa = PBXGroup;
			children = (
				F66A6C98266650B100FF041B /* SakuraLauncher */,
				F67C75982A737F7F00FF3E61 /* BootAgent */,
				F61018432A73AD600040609A /* natfrp-service */,
				F66A6C97266650B100FF041B /* Products */,
				F67C757D2A737B2600FF3E61 /* Frameworks */,
			);
			sourceTree = "<group>";
		};
		F66A6C97266650B100FF041B /* Products */ = {
			isa = PBXGroup;
			children = (
				F66A6C96266650B100FF041B /* SakuraLauncher.app */,
				F67C75972A737F7F00FF3E61 /* BootAgent.app */,
				F61018422A73AD600040609A /* natfrp-service.app */,
			);
			name = Products;
			sourceTree = "<group>";
		};
		F66A6C98266650B100FF041B /* SakuraLauncher */ = {
			isa = PBXGroup;
			children = (
				F6CDC4442678523900F9872D /* Proto */,
				F6C47867266A1529003E524C /* Helper */,
				F6C4786A266A17AE003E524C /* Model */,
				F62992D626776ABE0056EC1D /* Tabs */,
				F66A6CA92666515A00FF041B /* View */,
				F66A6CA2266650B200FF041B /* Info.plist */,
				F66A6C9D266650B200FF041B /* Assets.xcassets */,
				F66A6CA3266650B200FF041B /* SakuraLauncher.entitlements */,
				F6D03A852670C7250023D7B6 /* AppDelegate.swift */,
				F66A6C9B266650B100FF041B /* ContentView.swift */,
				F66A6C99266650B100FF041B /* SakuraLauncherApp.swift */,
				F66A6C9F266650B200FF041B /* Preview Content */,
			);
			path = SakuraLauncher;
			sourceTree = "<group>";
		};
		F66A6C9F266650B200FF041B /* Preview Content */ = {
			isa = PBXGroup;
			children = (
				F66A6CA0266650B200FF041B /* Preview Assets.xcassets */,
			);
			path = "Preview Content";
			sourceTree = "<group>";
		};
		F66A6CA92666515A00FF041B /* View */ = {
			isa = PBXGroup;
			children = (
				F66A6CAA2666517400FF041B /* LogoView.swift */,
				F698709726665C0B0040CF81 /* TabItemView.swift */,
				F6430F65266A0281007C5DC3 /* TunnelItemView.swift */,
				F6C74E5726C7AA8400340149 /* CreateTunnelPopup.swift */,
				F69B5866267B704E006A3EBD /* RemoteConfigPopup.swift */,
			);
			path = View;
			sourceTree = "<group>";
		};
		F67C757D2A737B2600FF3E61 /* Frameworks */ = {
			isa = PBXGroup;
			children = (
				F67C757E2A737B2600FF3E61 /* ServiceManagement.framework */,
			);
			name = Frameworks;
			sourceTree = "<group>";
		};
		F67C75982A737F7F00FF3E61 /* BootAgent */ = {
			isa = PBXGroup;
			children = (
				F6AA57842A738377006EAFDC /* BootAgent.entitlements */,
				F67C75992A737F7F00FF3E61 /* BootAgentDelegate.swift */,
				F6337AB02A73905200100469 /* main.swift */,
			);
			path = BootAgent;
			sourceTree = "<group>";
		};
		F6C47867266A1529003E524C /* Helper */ = {
			isa = PBXGroup;
			children = (
				F6B5CCAD2679BE8B0014E38A /* Extension.swift */,
				F63B3A01267AD77700BC000D /* DaemonHost.swift */,
			);
			path = Helper;
			sourceTree = "<group>";
		};
		F6C4786A266A17AE003E524C /* Model */ = {
			isa = PBXGroup;
			children = (
				F616B830266F72F700596A88 /* LogModel.swift */,
				F671F41D26790121003A4F87 /* NodeModel.swift */,
				F6C4786B266A17B8003E524C /* TunnelModel.swift */,
				F6A5D441267344B700F20951 /* LauncherModel.swift */,
			);
			path = Model;
			sourceTree = "<group>";
		};
		F6CDC4442678523900F9872D /* Proto */ = {
			isa = PBXGroup;
			children = (
				F64C5A9C2A6FDE6C00328DB3 /* grpc_service.grpc.swift */,
				F64C5A9D2A6FDE6C00328DB3 /* grpc_service.pb.swift */,
			);
			path = Proto;
			sourceTree = "<group>";
		};
/* End PBXGroup section */

/* Begin PBXNativeTarget section */
		F61018412A73AD600040609A /* natfrp-service */ = {
			isa = PBXNativeTarget;
			buildConfigurationList = F610184E2A73AD610040609A /* Build configuration list for PBXNativeTarget "natfrp-service" */;
			buildPhases = (
				F61018512A73AEE70040609A /* ShellScript */,
			);
			buildRules = (
			);
			dependencies = (
			);
			name = "natfrp-service";
			productName = "natfrp-service";
			productReference = F61018422A73AD600040609A /* natfrp-service.app */;
			productType = "com.apple.product-type.application";
		};
		F66A6C95266650B100FF041B /* SakuraLauncher */ = {
			isa = PBXNativeTarget;
			buildConfigurationList = F66A6CA6266650B200FF041B /* Build configuration list for PBXNativeTarget "SakuraLauncher" */;
			buildPhases = (
				F66A6C92266650B100FF041B /* Sources */,
				F66A6C93266650B100FF041B /* Frameworks */,
				F66A6C94266650B100FF041B /* Resources */,
				F60F97B32A72AFAA007B5D19 /* Copy natfrp-service */,
				F6A3EA562A738219006A9B6E /* Copy BootAgent */,
			);
			buildRules = (
			);
			dependencies = (
			);
			name = SakuraLauncher;
			packageProductDependencies = (
				F64C5A9A2A6FDA9100328DB3 /* GRPC */,
				F67C757B2A73749900FF3E61 /* Kingfisher */,
			);
			productName = SakuraLauncher;
			productReference = F66A6C96266650B100FF041B /* SakuraLauncher.app */;
			productType = "com.apple.product-type.application";
		};
		F67C75962A737F7F00FF3E61 /* BootAgent */ = {
			isa = PBXNativeTarget;
			buildConfigurationList = F67C75A32A737F8000FF3E61 /* Build configuration list for PBXNativeTarget "BootAgent" */;
			buildPhases = (
				F67C75932A737F7F00FF3E61 /* Sources */,
				F67C75942A737F7F00FF3E61 /* Frameworks */,
				F67C75952A737F7F00FF3E61 /* Resources */,
			);
			buildRules = (
			);
			dependencies = (
			);
			name = BootAgent;
			productName = BootAgent;
			productReference = F67C75972A737F7F00FF3E61 /* BootAgent.app */;
			productType = "com.apple.product-type.application";
		};
/* End PBXNativeTarget section */

/* Begin PBXProject section */
		F66A6C8E266650B100FF041B /* Project object */ = {
			isa = PBXProject;
			attributes = {
				BuildIndependentTargetsInParallel = YES;
				LastSwiftUpdateCheck = 1430;
				LastUpgradeCheck = 1430;
				TargetAttributes = {
					F61018412A73AD600040609A = {
						CreatedOnToolsVersion = 14.3.1;
					};
					F66A6C95266650B100FF041B = {
						CreatedOnToolsVersion = 12.5;
					};
					F67C75962A737F7F00FF3E61 = {
						CreatedOnToolsVersion = 14.3.1;
					};
				};
			};
			buildConfigurationList = F66A6C91266650B100FF041B /* Build configuration list for PBXProject "SakuraLauncher" */;
			compatibilityVersion = "Xcode 9.3";
			developmentRegion = en;
			hasScannedForEncodings = 0;
			knownRegions = (
				en,
				Base,
			);
			mainGroup = F66A6C8D266650B100FF041B;
			packageReferences = (
				F64C5A992A6FDA9100328DB3 /* XCRemoteSwiftPackageReference "grpc-swift" */,
				F67C757A2A73749900FF3E61 /* XCRemoteSwiftPackageReference "Kingfisher" */,
			);
			productRefGroup = F66A6C97266650B100FF041B /* Products */;
			projectDirPath = "";
			projectRoot = "";
			targets = (
				F66A6C95266650B100FF041B /* SakuraLauncher */,
				F67C75962A737F7F00FF3E61 /* BootAgent */,
				F61018412A73AD600040609A /* natfrp-service */,
			);
		};
/* End PBXProject section */

/* Begin PBXResourcesBuildPhase section */
		F66A6C94266650B100FF041B /* Resources */ = {
			isa = PBXResourcesBuildPhase;
			buildActionMask = 2147483647;
			files = (
				F66A6CA1266650B200FF041B /* Preview Assets.xcassets in Resources */,
				F66A6C9E266650B200FF041B /* Assets.xcassets in Resources */,
			);
			runOnlyForDeploymentPostprocessing = 0;
		};
		F67C75952A737F7F00FF3E61 /* Resources */ = {
			isa = PBXResourcesBuildPhase;
			buildActionMask = 2147483647;
			files = (
			);
			runOnlyForDeploymentPostprocessing = 0;
		};
/* End PBXResourcesBuildPhase section */

/* Begin PBXShellScriptBuildPhase section */
		F61018512A73AEE70040609A /* ShellScript */ = {
			isa = PBXShellScriptBuildPhase;
			buildActionMask = 2147483647;
			files = (
			);
			inputFileListPaths = (
			);
			inputPaths = (
			);
			outputFileListPaths = (
			);
			outputPaths = (
				"$(TARGET_BUILD_DIR)/$(EXECUTABLE_FOLDER_PATH)/frpc",
				"$(TARGET_BUILD_DIR)/$(EXECUTABLE_FOLDER_PATH)/natfrp-service",
			);
			runOnlyForDeploymentPostprocessing = 0;
			shellPath = /bin/sh;
			shellScript = "GOARCH=\"\"\ncase $ARCHS in\n  arm64)\n    GOARCH=\"arm64\"\n    ;;\n  x86_64)\n    GOARCH=\"amd64\"\n    ;;\n  *)\n    echo \"Unsupported architecture: $ARCHS\"\n    exit 1\n    ;;\nesac\n\nout_dir=\"$TARGET_BUILD_DIR/$EXECUTABLE_FOLDER_PATH\"\n\ncp ../launcher/release/frpc_darwin_$GOARCH \"$out_dir/frpc\"\ncp ../launcher/release/natfrp_service_darwin_$GOARCH \"$out_dir/natfrp-service\"\n\nchmod +x \"$out_dir/frpc\" \"$out_dir/natfrp-service\"\n\nalias sign=\"codesign -s \\\"Developer ID Application\\\" -o runtime --timestamp --verbose=4\"\n\nsign -i com.natfrp.launcher.frpc \\\n    --entitlements \"$PROJECT_DIR/natfrp-service/frpc.entitlements\" \\\n    \"$out_dir/frpc\"\n\nsign -i \"$PRODUCT_BUNDLE_IDENTIFIER\" \\\n    --entitlements \"$PROJECT_DIR/natfrp-service/natfrp-service.entitlements\" \\\n    \"$TARGET_BUILD_DIR/$FULL_PRODUCT_NAME\"\n";
		};
/* End PBXShellScriptBuildPhase section */

/* Begin PBXSourcesBuildPhase section */
		F66A6C92266650B100FF041B /* Sources */ = {
			isa = PBXSourcesBuildPhase;
			buildActionMask = 2147483647;
			files = (
				F6B47BFA2669005C0051B308 /* LogTab.swift in Sources */,
				F66A6C9C266650B100FF041B /* ContentView.swift in Sources */,
				F69B5867267B704E006A3EBD /* RemoteConfigPopup.swift in Sources */,
				F6430F66266A0281007C5DC3 /* TunnelItemView.swift in Sources */,
				F6C4786C266A17B8003E524C /* TunnelModel.swift in Sources */,
				F6E0DE1E2668E06400299C58 /* AboutTab.swift in Sources */,
				F698709826665C0B0040CF81 /* TabItemView.swift in Sources */,
				F6A5D442267344B700F20951 /* LauncherModel.swift in Sources */,
				F66A6CAB2666517400FF041B /* LogoView.swift in Sources */,
				F6D03A862670C7250023D7B6 /* AppDelegate.swift in Sources */,
				F66A6C9A266650B100FF041B /* SakuraLauncherApp.swift in Sources */,
				F6E0DE1C2668E00700299C58 /* TunnelTab.swift in Sources */,
				F6B47BF8266900540051B308 /* SettingsTab.swift in Sources */,
				F6C74E5826C7AA8400340149 /* CreateTunnelPopup.swift in Sources */,
				F64C5A9F2A6FDE6C00328DB3 /* grpc_service.pb.swift in Sources */,
				F63B3A02267AD77700BC000D /* DaemonHost.swift in Sources */,
				F6B5CCAE2679BE8B0014E38A /* Extension.swift in Sources */,
				F671F41E26790121003A4F87 /* NodeModel.swift in Sources */,
				F64C5A9E2A6FDE6C00328DB3 /* grpc_service.grpc.swift in Sources */,
				F616B831266F72F700596A88 /* LogModel.swift in Sources */,
			);
			runOnlyForDeploymentPostprocessing = 0;
		};
		F67C75932A737F7F00FF3E61 /* Sources */ = {
			isa = PBXSourcesBuildPhase;
			buildActionMask = 2147483647;
			files = (
				F6337AB12A73905300100469 /* main.swift in Sources */,
				F67C759A2A737F7F00FF3E61 /* BootAgentDelegate.swift in Sources */,
			);
			runOnlyForDeploymentPostprocessing = 0;
		};
/* End PBXSourcesBuildPhase section */

/* Begin XCBuildConfiguration section */
		F610184F2A73AD610040609A /* Debug */ = {
			isa = XCBuildConfiguration;
			buildSettings = {
				CODE_SIGN_IDENTITY = "";
				INFOPLIST_FILE = "$(SRCROOT)/natfrp-service/Info.plist";
				MACOSX_DEPLOYMENT_TARGET = 11.0;
				PRODUCT_BUNDLE_IDENTIFIER = com.natfrp.launcher;
				PRODUCT_NAME = "$(TARGET_NAME)";
				SKIP_INSTALL = YES;
			};
			name = Debug;
		};
		F61018502A73AD610040609A /* Release */ = {
			isa = XCBuildConfiguration;
			buildSettings = {
				CODE_SIGN_IDENTITY = "";
				INFOPLIST_FILE = "$(SRCROOT)/natfrp-service/Info.plist";
				MACOSX_DEPLOYMENT_TARGET = 11.0;
				PRODUCT_BUNDLE_IDENTIFIER = com.natfrp.launcher;
				PRODUCT_NAME = "$(TARGET_NAME)";
				SKIP_INSTALL = YES;
			};
			name = Release;
		};
		F66A6CA4266650B200FF041B /* Debug */ = {
			isa = XCBuildConfiguration;
			buildSettings = {
				ALWAYS_SEARCH_USER_PATHS = NO;
				CLANG_ANALYZER_NONNULL = YES;
				CLANG_ANALYZER_NUMBER_OBJECT_CONVERSION = YES_AGGRESSIVE;
				CLANG_CXX_LANGUAGE_STANDARD = "gnu++14";
				CLANG_CXX_LIBRARY = "libc++";
				CLANG_ENABLE_MODULES = YES;
				CLANG_ENABLE_OBJC_ARC = YES;
				CLANG_ENABLE_OBJC_WEAK = YES;
				CLANG_WARN_BLOCK_CAPTURE_AUTORELEASING = YES;
				CLANG_WARN_BOOL_CONVERSION = YES;
				CLANG_WARN_COMMA = YES;
				CLANG_WARN_CONSTANT_CONVERSION = YES;
				CLANG_WARN_DEPRECATED_OBJC_IMPLEMENTATIONS = YES;
				CLANG_WARN_DIRECT_OBJC_ISA_USAGE = YES_ERROR;
				CLANG_WARN_DOCUMENTATION_COMMENTS = YES;
				CLANG_WARN_EMPTY_BODY = YES;
				CLANG_WARN_ENUM_CONVERSION = YES;
				CLANG_WARN_INFINITE_RECURSION = YES;
				CLANG_WARN_INT_CONVERSION = YES;
				CLANG_WARN_NON_LITERAL_NULL_CONVERSION = YES;
				CLANG_WARN_OBJC_IMPLICIT_RETAIN_SELF = YES;
				CLANG_WARN_OBJC_LITERAL_CONVERSION = YES;
				CLANG_WARN_OBJC_ROOT_CLASS = YES_ERROR;
				CLANG_WARN_QUOTED_INCLUDE_IN_FRAMEWORK_HEADER = YES;
				CLANG_WARN_RANGE_LOOP_ANALYSIS = YES;
				CLANG_WARN_STRICT_PROTOTYPES = YES;
				CLANG_WARN_SUSPICIOUS_MOVE = YES;
				CLANG_WARN_UNGUARDED_AVAILABILITY = YES_AGGRESSIVE;
				CLANG_WARN_UNREACHABLE_CODE = YES;
				CLANG_WARN__DUPLICATE_METHOD_MATCH = YES;
				CODE_SIGN_IDENTITY = "Developer ID Application";
				CODE_SIGN_STYLE = Manual;
				COPY_PHASE_STRIP = NO;
				DEAD_CODE_STRIPPING = YES;
				DEBUG_INFORMATION_FORMAT = dwarf;
				DEVELOPMENT_TEAM = C78T4CMK47;
				ENABLE_HARDENED_RUNTIME = YES;
				ENABLE_STRICT_OBJC_MSGSEND = YES;
				ENABLE_TESTABILITY = YES;
				GCC_C_LANGUAGE_STANDARD = gnu11;
				GCC_DYNAMIC_NO_PIC = NO;
				GCC_NO_COMMON_BLOCKS = YES;
				GCC_OPTIMIZATION_LEVEL = 0;
				GCC_PREPROCESSOR_DEFINITIONS = (
					"DEBUG=1",
					"$(inherited)",
				);
				GCC_WARN_64_TO_32_BIT_CONVERSION = YES;
				GCC_WARN_ABOUT_RETURN_TYPE = YES_ERROR;
				GCC_WARN_UNDECLARED_SELECTOR = YES;
				GCC_WARN_UNINITIALIZED_AUTOS = YES_AGGRESSIVE;
				GCC_WARN_UNUSED_FUNCTION = YES;
				GCC_WARN_UNUSED_VARIABLE = YES;
				MACOSX_DEPLOYMENT_TARGET = "$(RECOMMENDED_MACOSX_DEPLOYMENT_TARGET)";
				MTL_ENABLE_DEBUG_INFO = INCLUDE_SOURCE;
				MTL_FAST_MATH = YES;
				ONLY_ACTIVE_ARCH = YES;
				SDKROOT = macosx;
				SWIFT_ACTIVE_COMPILATION_CONDITIONS = DEBUG;
				SWIFT_OPTIMIZATION_LEVEL = "-Onone";
				SWIFT_VERSION = 5.0;
			};
			name = Debug;
		};
		F66A6CA5266650B200FF041B /* Release */ = {
			isa = XCBuildConfiguration;
			buildSettings = {
				ALWAYS_SEARCH_USER_PATHS = NO;
				CLANG_ANALYZER_NONNULL = YES;
				CLANG_ANALYZER_NUMBER_OBJECT_CONVERSION = YES_AGGRESSIVE;
				CLANG_CXX_LANGUAGE_STANDARD = "gnu++14";
				CLANG_CXX_LIBRARY = "libc++";
				CLANG_ENABLE_MODULES = YES;
				CLANG_ENABLE_OBJC_ARC = YES;
				CLANG_ENABLE_OBJC_WEAK = YES;
				CLANG_WARN_BLOCK_CAPTURE_AUTORELEASING = YES;
				CLANG_WARN_BOOL_CONVERSION = YES;
				CLANG_WARN_COMMA = YES;
				CLANG_WARN_CONSTANT_CONVERSION = YES;
				CLANG_WARN_DEPRECATED_OBJC_IMPLEMENTATIONS = YES;
				CLANG_WARN_DIRECT_OBJC_ISA_USAGE = YES_ERROR;
				CLANG_WARN_DOCUMENTATION_COMMENTS = YES;
				CLANG_WARN_EMPTY_BODY = YES;
				CLANG_WARN_ENUM_CONVERSION = YES;
				CLANG_WARN_INFINITE_RECURSION = YES;
				CLANG_WARN_INT_CONVERSION = YES;
				CLANG_WARN_NON_LITERAL_NULL_CONVERSION = YES;
				CLANG_WARN_OBJC_IMPLICIT_RETAIN_SELF = YES;
				CLANG_WARN_OBJC_LITERAL_CONVERSION = YES;
				CLANG_WARN_OBJC_ROOT_CLASS = YES_ERROR;
				CLANG_WARN_QUOTED_INCLUDE_IN_FRAMEWORK_HEADER = YES;
				CLANG_WARN_RANGE_LOOP_ANALYSIS = YES;
				CLANG_WARN_STRICT_PROTOTYPES = YES;
				CLANG_WARN_SUSPICIOUS_MOVE = YES;
				CLANG_WARN_UNGUARDED_AVAILABILITY = YES_AGGRESSIVE;
				CLANG_WARN_UNREACHABLE_CODE = YES;
				CLANG_WARN__DUPLICATE_METHOD_MATCH = YES;
				CODE_SIGN_IDENTITY = "Developer ID Application";
				CODE_SIGN_STYLE = Manual;
				COPY_PHASE_STRIP = NO;
				DEAD_CODE_STRIPPING = YES;
				DEBUG_INFORMATION_FORMAT = "dwarf-with-dsym";
				DEVELOPMENT_TEAM = C78T4CMK47;
				ENABLE_HARDENED_RUNTIME = YES;
				ENABLE_NS_ASSERTIONS = NO;
				ENABLE_STRICT_OBJC_MSGSEND = YES;
				GCC_C_LANGUAGE_STANDARD = gnu11;
				GCC_NO_COMMON_BLOCKS = YES;
				GCC_WARN_64_TO_32_BIT_CONVERSION = YES;
				GCC_WARN_ABOUT_RETURN_TYPE = YES_ERROR;
				GCC_WARN_UNDECLARED_SELECTOR = YES;
				GCC_WARN_UNINITIALIZED_AUTOS = YES_AGGRESSIVE;
				GCC_WARN_UNUSED_FUNCTION = YES;
				GCC_WARN_UNUSED_VARIABLE = YES;
				MACOSX_DEPLOYMENT_TARGET = "$(RECOMMENDED_MACOSX_DEPLOYMENT_TARGET)";
				MTL_ENABLE_DEBUG_INFO = NO;
				MTL_FAST_MATH = YES;
				SDKROOT = macosx;
				SWIFT_COMPILATION_MODE = wholemodule;
				SWIFT_OPTIMIZATION_LEVEL = "-O";
				SWIFT_VERSION = 5.0;
			};
			name = Release;
		};
		F66A6CA7266650B200FF041B /* Debug */ = {
			isa = XCBuildConfiguration;
			buildSettings = {
				ASSETCATALOG_COMPILER_APPICON_NAME = AppIcon;
				ASSETCATALOG_COMPILER_GLOBAL_ACCENT_COLOR_NAME = AccentColor;
				CODE_SIGN_ENTITLEMENTS = SakuraLauncher/SakuraLauncher.entitlements;
				COMBINE_HIDPI_IMAGES = YES;
				DEAD_CODE_STRIPPING = YES;
				DEVELOPMENT_ASSET_PATHS = "\"SakuraLauncher/Preview Content\"";
				ENABLE_PREVIEWS = YES;
				INFOPLIST_FILE = SakuraLauncher/Info.plist;
				LD_RUNPATH_SEARCH_PATHS = (
					"$(inherited)",
					"@executable_path/../Frameworks",
				);
				MACOSX_DEPLOYMENT_TARGET = 11.0;
				PRODUCT_BUNDLE_IDENTIFIER = com.natfrp.launcher.ui;
				PRODUCT_NAME = "$(TARGET_NAME)";
			};
			name = Debug;
		};
		F66A6CA8266650B200FF041B /* Release */ = {
			isa = XCBuildConfiguration;
			buildSettings = {
				ASSETCATALOG_COMPILER_APPICON_NAME = AppIcon;
				ASSETCATALOG_COMPILER_GLOBAL_ACCENT_COLOR_NAME = AccentColor;
				CODE_SIGN_ENTITLEMENTS = SakuraLauncher/SakuraLauncher.entitlements;
				COMBINE_HIDPI_IMAGES = YES;
				DEAD_CODE_STRIPPING = YES;
				DEVELOPMENT_ASSET_PATHS = "\"SakuraLauncher/Preview Content\"";
				ENABLE_PREVIEWS = YES;
				INFOPLIST_FILE = SakuraLauncher/Info.plist;
				LD_RUNPATH_SEARCH_PATHS = (
					"$(inherited)",
					"@executable_path/../Frameworks",
				);
				MACOSX_DEPLOYMENT_TARGET = 11.0;
				PRODUCT_BUNDLE_IDENTIFIER = com.natfrp.launcher.ui;
				PRODUCT_NAME = "$(TARGET_NAME)";
			};
			name = Release;
		};
		F67C75A42A737F8000FF3E61 /* Debug */ = {
			isa = XCBuildConfiguration;
			buildSettings = {
				ASSETCATALOG_COMPILER_APPICON_NAME = AppIcon;
				ASSETCATALOG_COMPILER_GLOBAL_ACCENT_COLOR_NAME = AccentColor;
				CLANG_CXX_LANGUAGE_STANDARD = "gnu++20";
				CODE_SIGN_ENTITLEMENTS = BootAgent/BootAgent.entitlements;
				COMBINE_HIDPI_IMAGES = YES;
				COPY_PHASE_STRIP = NO;
				CURRENT_PROJECT_VERSION = 1;
				GENERATE_INFOPLIST_FILE = YES;
				INFOPLIST_KEY_NSHumanReadableCopyright = "Copyright © 2023 iDea Leaper";
				INFOPLIST_KEY_NSPrincipalClass = NSApplication;
				LD_RUNPATH_SEARCH_PATHS = (
					"$(inherited)",
					"@executable_path/../Frameworks",
				);
				MACOSX_DEPLOYMENT_TARGET = 11.0;
				MARKETING_VERSION = 1.0;
				PRODUCT_BUNDLE_IDENTIFIER = "com.natfrp.launcher.boot-agent";
				PRODUCT_NAME = "$(TARGET_NAME)";
				SKIP_INSTALL = YES;
				SWIFT_EMIT_LOC_STRINGS = YES;
			};
			name = Debug;
		};
		F67C75A52A737F8000FF3E61 /* Release */ = {
			isa = XCBuildConfiguration;
			buildSettings = {
				ASSETCATALOG_COMPILER_APPICON_NAME = AppIcon;
				ASSETCATALOG_COMPILER_GLOBAL_ACCENT_COLOR_NAME = AccentColor;
				CLANG_CXX_LANGUAGE_STANDARD = "gnu++20";
				CODE_SIGN_ENTITLEMENTS = BootAgent/BootAgent.entitlements;
				COMBINE_HIDPI_IMAGES = YES;
				COPY_PHASE_STRIP = NO;
				CURRENT_PROJECT_VERSION = 1;
				GENERATE_INFOPLIST_FILE = YES;
				INFOPLIST_KEY_NSHumanReadableCopyright = "Copyright © 2023 iDea Leaper";
				INFOPLIST_KEY_NSPrincipalClass = NSApplication;
				LD_RUNPATH_SEARCH_PATHS = (
					"$(inherited)",
					"@executable_path/../Frameworks",
				);
				MACOSX_DEPLOYMENT_TARGET = 11.0;
				MARKETING_VERSION = 1.0;
				PRODUCT_BUNDLE_IDENTIFIER = "com.natfrp.launcher.boot-agent";
				PRODUCT_NAME = "$(TARGET_NAME)";
				SKIP_INSTALL = YES;
				SWIFT_EMIT_LOC_STRINGS = YES;
			};
			name = Release;
		};
/* End XCBuildConfiguration section */

/* Begin XCConfigurationList section */
		F610184E2A73AD610040609A /* Build configuration list for PBXNativeTarget "natfrp-service" */ = {
			isa = XCConfigurationList;
			buildConfigurations = (
				F610184F2A73AD610040609A /* Debug */,
				F61018502A73AD610040609A /* Release */,
			);
			defaultConfigurationIsVisible = 0;
			defaultConfigurationName = Release;
		};
		F66A6C91266650B100FF041B /* Build configuration list for PBXProject "SakuraLauncher" */ = {
			isa = XCConfigurationList;
			buildConfigurations = (
				F66A6CA4266650B200FF041B /* Debug */,
				F66A6CA5266650B200FF041B /* Release */,
			);
			defaultConfigurationIsVisible = 0;
			defaultConfigurationName = Release;
		};
		F66A6CA6266650B200FF041B /* Build configuration list for PBXNativeTarget "SakuraLauncher" */ = {
			isa = XCConfigurationList;
			buildConfigurations = (
				F66A6CA7266650B200FF041B /* Debug */,
				F66A6CA8266650B200FF041B /* Release */,
			);
			defaultConfigurationIsVisible = 0;
			defaultConfigurationName = Release;
		};
		F67C75A32A737F8000FF3E61 /* Build configuration list for PBXNativeTarget "BootAgent" */ = {
			isa = XCConfigurationList;
			buildConfigurations = (
				F67C75A42A737F8000FF3E61 /* Debug */,
				F67C75A52A737F8000FF3E61 /* Release */,
			);
			defaultConfigurationIsVisible = 0;
			defaultConfigurationName = Release;
		};
/* End XCConfigurationList section */

/* Begin XCRemoteSwiftPackageReference section */
		F64C5A992A6FDA9100328DB3 /* XCRemoteSwiftPackageReference "grpc-swift" */ = {
			isa = XCRemoteSwiftPackageReference;
			repositoryURL = "https://github.com/grpc/grpc-swift.git";
			requirement = {
				kind = upToNextMajorVersion;
				minimumVersion = 1.18.0;
			};
		};
		F67C757A2A73749900FF3E61 /* XCRemoteSwiftPackageReference "Kingfisher" */ = {
			isa = XCRemoteSwiftPackageReference;
			repositoryURL = "https://github.com/onevcat/Kingfisher.git";
			requirement = {
				kind = upToNextMajorVersion;
				minimumVersion = 7.8.1;
			};
		};
/* End XCRemoteSwiftPackageReference section */

/* Begin XCSwiftPackageProductDependency section */
		F64C5A9A2A6FDA9100328DB3 /* GRPC */ = {
			isa = XCSwiftPackageProductDependency;
			package = F64C5A992A6FDA9100328DB3 /* XCRemoteSwiftPackageReference "grpc-swift" */;
			productName = GRPC;
		};
		F67C757B2A73749900FF3E61 /* Kingfisher */ = {
			isa = XCSwiftPackageProductDependency;
			package = F67C757A2A73749900FF3E61 /* XCRemoteSwiftPackageReference "Kingfisher" */;
			productName = Kingfisher;
		};
/* End XCSwiftPackageProductDependency section */
	};
	rootObject = F66A6C8E266650B100FF041B /* Project object */;
}
