// !$*UTF8*$!
{
	archiveVersion = 1;
	classes = {
	};
	objectVersion = 50;
	objects = {

/* Begin PBXBuildFile section */
		F66A6C9A266650B100FF041B /* SakuraLauncherApp.swift in Sources */ = {isa = PBXBuildFile; fileRef = F66A6C99266650B100FF041B /* SakuraLauncherApp.swift */; };
		F66A6C9C266650B100FF041B /* ContentView.swift in Sources */ = {isa = PBXBuildFile; fileRef = F66A6C9B266650B100FF041B /* ContentView.swift */; };
		F66A6C9E266650B200FF041B /* Assets.xcassets in Resources */ = {isa = PBXBuildFile; fileRef = F66A6C9D266650B200FF041B /* Assets.xcassets */; };
		F66A6CA1266650B200FF041B /* Preview Assets.xcassets in Resources */ = {isa = PBXBuildFile; fileRef = F66A6CA0266650B200FF041B /* Preview Assets.xcassets */; };
		F66A6CAB2666517400FF041B /* LogoView.swift in Sources */ = {isa = PBXBuildFile; fileRef = F66A6CAA2666517400FF041B /* LogoView.swift */; };
		F698709826665C0B0040CF81 /* TabItemView.swift in Sources */ = {isa = PBXBuildFile; fileRef = F698709726665C0B0040CF81 /* TabItemView.swift */; };
/* End PBXBuildFile section */

/* Begin PBXFileReference section */
		F66A6C96266650B100FF041B /* SakuraLauncher.app */ = {isa = PBXFileReference; explicitFileType = wrapper.application; includeInIndex = 0; path = SakuraLauncher.app; sourceTree = BUILT_PRODUCTS_DIR; };
		F66A6C99266650B100FF041B /* SakuraLauncherApp.swift */ = {isa = PBXFileReference; lastKnownFileType = sourcecode.swift; path = SakuraLauncherApp.swift; sourceTree = "<group>"; };
		F66A6C9B266650B100FF041B /* ContentView.swift */ = {isa = PBXFileReference; lastKnownFileType = sourcecode.swift; path = ContentView.swift; sourceTree = "<group>"; };
		F66A6C9D266650B200FF041B /* Assets.xcassets */ = {isa = PBXFileReference; lastKnownFileType = folder.assetcatalog; path = Assets.xcassets; sourceTree = "<group>"; };
		F66A6CA0266650B200FF041B /* Preview Assets.xcassets */ = {isa = PBXFileReference; lastKnownFileType = folder.assetcatalog; path = "Preview Assets.xcassets"; sourceTree = "<group>"; };
		F66A6CA2266650B200FF041B /* Info.plist */ = {isa = PBXFileReference; lastKnownFileType = text.plist.xml; path = Info.plist; sourceTree = "<group>"; };
		F66A6CA3266650B200FF041B /* SakuraLauncher.entitlements */ = {isa = PBXFileReference; lastKnownFileType = text.plist.entitlements; path = SakuraLauncher.entitlements; sourceTree = "<group>"; };
		F66A6CAA2666517400FF041B /* LogoView.swift */ = {isa = PBXFileReference; lastKnownFileType = sourcecode.swift; path = LogoView.swift; sourceTree = "<group>"; };
		F698709726665C0B0040CF81 /* TabItemView.swift */ = {isa = PBXFileReference; lastKnownFileType = sourcecode.swift; path = TabItemView.swift; sourceTree = "<group>"; };
/* End PBXFileReference section */

/* Begin PBXFrameworksBuildPhase section */
		F66A6C93266650B100FF041B /* Frameworks */ = {
			isa = PBXFrameworksBuildPhase;
			buildActionMask = 2147483647;
			files = (
			);
			runOnlyForDeploymentPostprocessing = 0;
		};
/* End PBXFrameworksBuildPhase section */

/* Begin PBXGroup section */
		F66A6C8D266650B100FF041B = {
			isa = PBXGroup;
			children = (
				F66A6C98266650B100FF041B /* SakuraLauncher */,
				F66A6C97266650B100FF041B /* Products */,
			);
			sourceTree = "<group>";
		};
		F66A6C97266650B100FF041B /* Products */ = {
			isa = PBXGroup;
			children = (
				F66A6C96266650B100FF041B /* SakuraLauncher.app */,
			);
			name = Products;
			sourceTree = "<group>";
		};
		F66A6C98266650B100FF041B /* SakuraLauncher */ = {
			isa = PBXGroup;
			children = (
				F66A6CA92666515A00FF041B /* View */,
				F66A6C99266650B100FF041B /* SakuraLauncherApp.swift */,
				F66A6C9B266650B100FF041B /* ContentView.swift */,
				F66A6C9D266650B200FF041B /* Assets.xcassets */,
				F66A6CA2266650B200FF041B /* Info.plist */,
				F66A6CA3266650B200FF041B /* SakuraLauncher.entitlements */,
				F66A6C9F266650B200FF041B /* Preview Content */,
			);
			path = SakuraLauncher;
			sourceTree = "<group>";
		};
		F66A6C9F266650B200FF041B /* Preview Content */ = {
			isa = PBXGroup;
			children = (
				F66A6CA0266650B200FF041B /* Preview Assets.xcassets */,
			);
			path = "Preview Content";
			sourceTree = "<group>";
		};
		F66A6CA92666515A00FF041B /* View */ = {
			isa = PBXGroup;
			children = (
				F66A6CAA2666517400FF041B /* LogoView.swift */,
				F698709726665C0B0040CF81 /* TabItemView.swift */,
			);
			path = View;
			sourceTree = "<group>";
		};
/* End PBXGroup section */

/* Begin PBXNativeTarget section */
		F66A6C95266650B100FF041B /* SakuraLauncher */ = {
			isa = PBXNativeTarget;
			buildConfigurationList = F66A6CA6266650B200FF041B /* Build configuration list for PBXNativeTarget "SakuraLauncher" */;
			buildPhases = (
				F66A6C92266650B100FF041B /* Sources */,
				F66A6C93266650B100FF041B /* Frameworks */,
				F66A6C94266650B100FF041B /* Resources */,
			);
			buildRules = (
			);
			dependencies = (
			);
			name = SakuraLauncher;
			productName = SakuraLauncher;
			productReference = F66A6C96266650B100FF041B /* SakuraLauncher.app */;
			productType = "com.apple.product-type.application";
		};
/* End PBXNativeTarget section */

/* Begin PBXProject section */
		F66A6C8E266650B100FF041B /* Project object */ = {
			isa = PBXProject;
			attributes = {
				LastSwiftUpdateCheck = 1250;
				LastUpgradeCheck = 1250;
				TargetAttributes = {
					F66A6C95266650B100FF041B = {
						CreatedOnToolsVersion = 12.5;
					};
				};
			};
			buildConfigurationList = F66A6C91266650B100FF041B /* Build configuration list for PBXProject "SakuraLauncher" */;
			compatibilityVersion = "Xcode 9.3";
			developmentRegion = en;
			hasScannedForEncodings = 0;
			knownRegions = (
				en,
				Base,
			);
			mainGroup = F66A6C8D266650B100FF041B;
			productRefGroup = F66A6C97266650B100FF041B /* Products */;
			projectDirPath = "";
			projectRoot = "";
			targets = (
				F66A6C95266650B100FF041B /* SakuraLauncher */,
			);
		};
/* End PBXProject section */

/* Begin PBXResourcesBuildPhase section */
		F66A6C94266650B100FF041B /* Resources */ = {
			isa = PBXResourcesBuildPhase;
			buildActionMask = 2147483647;
			files = (
				F66A6CA1266650B200FF041B /* Preview Assets.xcassets in Resources */,
				F66A6C9E266650B200FF041B /* Assets.xcassets in Resources */,
			);
			runOnlyForDeploymentPostprocessing = 0;
		};
/* End PBXResourcesBuildPhase section */

/* Begin PBXSourcesBuildPhase section */
		F66A6C92266650B100FF041B /* Sources */ = {
			isa = PBXSourcesBuildPhase;
			buildActionMask = 2147483647;
			files = (
				F66A6C9C266650B100FF041B /* ContentView.swift in Sources */,
				F698709826665C0B0040CF81 /* TabItemView.swift in Sources */,
				F66A6CAB2666517400FF041B /* LogoView.swift in Sources */,
				F66A6C9A266650B100FF041B /* SakuraLauncherApp.swift in Sources */,
			);
			runOnlyForDeploymentPostprocessing = 0;
		};
/* End PBXSourcesBuildPhase section */

/* Begin XCBuildConfiguration section */
		F66A6CA4266650B200FF041B /* Debug */ = {
			isa = XCBuildConfiguration;
			buildSettings = {
				ALWAYS_SEARCH_USER_PATHS = NO;
				CLANG_ANALYZER_NONNULL = YES;
				CLANG_ANALYZER_NUMBER_OBJECT_CONVERSION = YES_AGGRESSIVE;
				CLANG_CXX_LANGUAGE_STANDARD = "gnu++14";
				CLANG_CXX_LIBRARY = "libc++";
				CLANG_ENABLE_MODULES = YES;
				CLANG_ENABLE_OBJC_ARC = YES;
				CLANG_ENABLE_OBJC_WEAK = YES;
				CLANG_WARN_BLOCK_CAPTURE_AUTORELEASING = YES;
				CLANG_WARN_BOOL_CONVERSION = YES;
				CLANG_WARN_COMMA = YES;
				CLANG_WARN_CONSTANT_CONVERSION = YES;
				CLANG_WARN_DEPRECATED_OBJC_IMPLEMENTATIONS = YES;
				CLANG_WARN_DIRECT_OBJC_ISA_USAGE = YES_ERROR;
				CLANG_WARN_DOCUMENTATION_COMMENTS = YES;
				CLANG_WARN_EMPTY_BODY = YES;
				CLANG_WARN_ENUM_CONVERSION = YES;
				CLANG_WARN_INFINITE_RECURSION = YES;
				CLANG_WARN_INT_CONVERSION = YES;
				CLANG_WARN_NON_LITERAL_NULL_CONVERSION = YES;
				CLANG_WARN_OBJC_IMPLICIT_RETAIN_SELF = YES;
				CLANG_WARN_OBJC_LITERAL_CONVERSION = YES;
				CLANG_WARN_OBJC_ROOT_CLASS = YES_ERROR;
				CLANG_WARN_QUOTED_INCLUDE_IN_FRAMEWORK_HEADER = YES;
				CLANG_WARN_RANGE_LOOP_ANALYSIS = YES;
				CLANG_WARN_STRICT_PROTOTYPES = YES;
				CLANG_WARN_SUSPICIOUS_MOVE = YES;
				CLANG_WARN_UNGUARDED_AVAILABILITY = YES_AGGRESSIVE;
				CLANG_WARN_UNREACHABLE_CODE = YES;
				CLANG_WARN__DUPLICATE_METHOD_MATCH = YES;
				COPY_PHASE_STRIP = NO;
				DEBUG_INFORMATION_FORMAT = dwarf;
				ENABLE_STRICT_OBJC_MSGSEND = YES;
				ENABLE_TESTABILITY = YES;
				GCC_C_LANGUAGE_STANDARD = gnu11;
				GCC_DYNAMIC_NO_PIC = NO;
				GCC_NO_COMMON_BLOCKS = YES;
				GCC_OPTIMIZATION_LEVEL = 0;
				GCC_PREPROCESSOR_DEFINITIONS = (
					"DEBUG=1",
					"$(inherited)",
				);
				GCC_WARN_64_TO_32_BIT_CONVERSION = YES;
				GCC_WARN_ABOUT_RETURN_TYPE = YES_ERROR;
				GCC_WARN_UNDECLARED_SELECTOR = YES;
				GCC_WARN_UNINITIALIZED_AUTOS = YES_AGGRESSIVE;
				GCC_WARN_UNUSED_FUNCTION = YES;
				GCC_WARN_UNUSED_VARIABLE = YES;
				MACOSX_DEPLOYMENT_TARGET = 11.3;
				MTL_ENABLE_DEBUG_INFO = INCLUDE_SOURCE;
				MTL_FAST_MATH = YES;
				ONLY_ACTIVE_ARCH = YES;
				SDKROOT = macosx;
				SWIFT_ACTIVE_COMPILATION_CONDITIONS = DEBUG;
				SWIFT_OPTIMIZATION_LEVEL = "-Onone";
			};
			name = Debug;
		};
		F66A6CA5266650B200FF041B /* Release */ = {
			isa = XCBuildConfiguration;
			buildSettings = {
				ALWAYS_SEARCH_USER_PATHS = NO;
				CLANG_ANALYZER_NONNULL = YES;
				CLANG_ANALYZER_NUMBER_OBJECT_CONVERSION = YES_AGGRESSIVE;
				CLANG_CXX_LANGUAGE_STANDARD = "gnu++14";
				CLANG_CXX_LIBRARY = "libc++";
				CLANG_ENABLE_MODULES = YES;
				CLANG_ENABLE_OBJC_ARC = YES;
				CLANG_ENABLE_OBJC_WEAK = YES;
				CLANG_WARN_BLOCK_CAPTURE_AUTORELEASING = YES;
				CLANG_WARN_BOOL_CONVERSION = YES;
				CLANG_WARN_COMMA = YES;
				CLANG_WARN_CONSTANT_CONVERSION = YES;
				CLANG_WARN_DEPRECATED_OBJC_IMPLEMENTATIONS = YES;
				CLANG_WARN_DIRECT_OBJC_ISA_USAGE = YES_ERROR;
				CLANG_WARN_DOCUMENTATION_COMMENTS = YES;
				CLANG_WARN_EMPTY_BODY = YES;
				CLANG_WARN_ENUM_CONVERSION = YES;
				CLANG_WARN_INFINITE_RECURSION = YES;
				CLANG_WARN_INT_CONVERSION = YES;
				CLANG_WARN_NON_LITERAL_NULL_CONVERSION = YES;
				CLANG_WARN_OBJC_IMPLICIT_RETAIN_SELF = YES;
				CLANG_WARN_OBJC_LITERAL_CONVERSION = YES;
				CLANG_WARN_OBJC_ROOT_CLASS = YES_ERROR;
				CLANG_WARN_QUOTED_INCLUDE_IN_FRAMEWORK_HEADER = YES;
				CLANG_WARN_RANGE_LOOP_ANALYSIS = YES;
				CLANG_WARN_STRICT_PROTOTYPES = YES;
				CLANG_WARN_SUSPICIOUS_MOVE = YES;
				CLANG_WARN_UNGUARDED_AVAILABILITY = YES_AGGRESSIVE;
				CLANG_WARN_UNREACHABLE_CODE = YES;
				CLANG_WARN__DUPLICATE_METHOD_MATCH = YES;
				COPY_PHASE_STRIP = NO;
				DEBUG_INFORMATION_FORMAT = "dwarf-with-dsym";
				ENABLE_NS_ASSERTIONS = NO;
				ENABLE_STRICT_OBJC_MSGSEND = YES;
				GCC_C_LANGUAGE_STANDARD = gnu11;
				GCC_NO_COMMON_BLOCKS = YES;
				GCC_WARN_64_TO_32_BIT_CONVERSION = YES;
				GCC_WARN_ABOUT_RETURN_TYPE = YES_ERROR;
				GCC_WARN_UNDECLARED_SELECTOR = YES;
				GCC_WARN_UNINITIALIZED_AUTOS = YES_AGGRESSIVE;
				GCC_WARN_UNUSED_FUNCTION = YES;
				GCC_WARN_UNUSED_VARIABLE = YES;
				MACOSX_DEPLOYMENT_TARGET = 11.3;
				MTL_ENABLE_DEBUG_INFO = NO;
				MTL_FAST_MATH = YES;
				SDKROOT = macosx;
				SWIFT_COMPILATION_MODE = wholemodule;
				SWIFT_OPTIMIZATION_LEVEL = "-O";
			};
			name = Release;
		};
		F66A6CA7266650B200FF041B /* Debug */ = {
			isa = XCBuildConfiguration;
			buildSettings = {
				ASSETCATALOG_COMPILER_APPICON_NAME = AppIcon;
				ASSETCATALOG_COMPILER_GLOBAL_ACCENT_COLOR_NAME = AccentColor;
				CODE_SIGN_ENTITLEMENTS = SakuraLauncher/SakuraLauncher.entitlements;
				CODE_SIGN_STYLE = Automatic;
				COMBINE_HIDPI_IMAGES = YES;
				DEVELOPMENT_ASSET_PATHS = "\"SakuraLauncher/Preview Content\"";
				DEVELOPMENT_TEAM = C78T4CMK47;
				ENABLE_HARDENED_RUNTIME = YES;
				ENABLE_PREVIEWS = YES;
				INFOPLIST_FILE = SakuraLauncher/Info.plist;
				LD_RUNPATH_SEARCH_PATHS = (
					"$(inherited)",
					"@executable_path/../Frameworks",
				);
				MACOSX_DEPLOYMENT_TARGET = 11.0;
				PRODUCT_BUNDLE_IDENTIFIER = moe.berd.SakuraLauncher;
				PRODUCT_NAME = "$(TARGET_NAME)";
				SWIFT_VERSION = 5.0;
			};
			name = Debug;
		};
		F66A6CA8266650B200FF041B /* Release */ = {
			isa = XCBuildConfiguration;
			buildSettings = {
				ASSETCATALOG_COMPILER_APPICON_NAME = AppIcon;
				ASSETCATALOG_COMPILER_GLOBAL_ACCENT_COLOR_NAME = AccentColor;
				CODE_SIGN_ENTITLEMENTS = SakuraLauncher/SakuraLauncher.entitlements;
				CODE_SIGN_STYLE = Automatic;
				COMBINE_HIDPI_IMAGES = YES;
				DEVELOPMENT_ASSET_PATHS = "\"SakuraLauncher/Preview Content\"";
				DEVELOPMENT_TEAM = C78T4CMK47;
				ENABLE_HARDENED_RUNTIME = YES;
				ENABLE_PREVIEWS = YES;
				INFOPLIST_FILE = SakuraLauncher/Info.plist;
				LD_RUNPATH_SEARCH_PATHS = (
					"$(inherited)",
					"@executable_path/../Frameworks",
				);
				MACOSX_DEPLOYMENT_TARGET = 11.0;
				PRODUCT_BUNDLE_IDENTIFIER = moe.berd.SakuraLauncher;
				PRODUCT_NAME = "$(TARGET_NAME)";
				SWIFT_VERSION = 5.0;
			};
			name = Release;
		};
/* End XCBuildConfiguration section */

/* Begin XCConfigurationList section */
		F66A6C91266650B100FF041B /* Build configuration list for PBXProject "SakuraLauncher" */ = {
			isa = XCConfigurationList;
			buildConfigurations = (
				F66A6CA4266650B200FF041B /* Debug */,
				F66A6CA5266650B200FF041B /* Release */,
			);
			defaultConfigurationIsVisible = 0;
			defaultConfigurationName = Release;
		};
		F66A6CA6266650B200FF041B /* Build configuration list for PBXNativeTarget "SakuraLauncher" */ = {
			isa = XCConfigurationList;
			buildConfigurations = (
				F66A6CA7266650B200FF041B /* Debug */,
				F66A6CA8266650B200FF041B /* Release */,
			);
			defaultConfigurationIsVisible = 0;
			defaultConfigurationName = Release;
		};
/* End XCConfigurationList section */
	};
	rootObject = F66A6C8E266650B100FF041B /* Project object */;
}
